// !$*UTF8*$!
{
	archiveVersion = 1;
	classes = {
	};
	objectVersion = 77;
	objects = {

/* Begin PBXBuildFile section */
		4C6328842CB702FE005529B1 /* MainView.swift in Sources */ = {isa = PBXBuildFile; fileRef = 4C6328832CB702FE005529B1 /* MainView.swift */; };
		4C6328862CB7031C005529B1 /* SidebarView.swift in Sources */ = {isa = PBXBuildFile; fileRef = 4C6328852CB7031C005529B1 /* SidebarView.swift */; };
		4C6328882CB7033B005529B1 /* TaskListView.swift in Sources */ = {isa = PBXBuildFile; fileRef = 4C6328872CB7033B005529B1 /* TaskListView.swift */; };
		4C63288A2CB70352005529B1 /* TaskDetailView.swift in Sources */ = {isa = PBXBuildFile; fileRef = 4C6328892CB70352005529B1 /* TaskDetailView.swift */; };
		4C63288C2CB70364005529B1 /* TaskEditorView.swift in Sources */ = {isa = PBXBuildFile; fileRef = 4C63288B2CB70364005529B1 /* TaskEditorView.swift */; };
		4C63288E2CB70373005529B1 /* UserManagementView.swift in Sources */ = {isa = PBXBuildFile; fileRef = 4C63288D2CB70373005529B1 /* UserManagementView.swift */; };
		4C6328902CB70389005529B1 /* UserEditorView.swift in Sources */ = {isa = PBXBuildFile; fileRef = 4C63288F2CB70389005529B1 /* UserEditorView.swift */; };
		4C6328922CB703D4005529B1 /* PermissionManager.swift in Sources */ = {isa = PBXBuildFile; fileRef = 4C6328912CB703D4005529B1 /* PermissionManager.swift */; };
		4C6328942CB706B9005529B1 /* UserSession.swift in Sources */ = {isa = PBXBuildFile; fileRef = 4C6328932CB706B9005529B1 /* UserSession.swift */; };
		4C6328962CB706D2005529B1 /* LoginView.swift in Sources */ = {isa = PBXBuildFile; fileRef = 4C6328952CB706D2005529B1 /* LoginView.swift */; };
		4C6328982CB70826005529B1 /* TimeTrackingView.swift in Sources */ = {isa = PBXBuildFile; fileRef = 4C6328972CB70826005529B1 /* TimeTrackingView.swift */; };
		4C63289A2CB708AF005529B1 /* RecurrenceManager.swift in Sources */ = {isa = PBXBuildFile; fileRef = 4C6328992CB708AF005529B1 /* RecurrenceManager.swift */; };
		4C63289C2CB708FF005529B1 /* CustomField.swift in Sources */ = {isa = PBXBuildFile; fileRef = 4C63289B2CB708FF005529B1 /* CustomField.swift */; };
		4C63289E2CB709E6005529B1 /* Task+Extensions.swift in Sources */ = {isa = PBXBuildFile; fileRef = 4C63289D2CB709E6005529B1 /* Task+Extensions.swift */; };
		4C6328A02CB70A8D005529B1 /* CustomFieldEditorView.swift in Sources */ = {isa = PBXBuildFile; fileRef = 4C63289F2CB70A8D005529B1 /* CustomFieldEditorView.swift */; };
		4C6328A22CB70DBD005529B1 /* ReportsView.swift in Sources */ = {isa = PBXBuildFile; fileRef = 4C6328A12CB70DBD005529B1 /* ReportsView.swift */; };
		4C6328A42CB70DD9005529B1 /* ReportContentView.swift in Sources */ = {isa = PBXBuildFile; fileRef = 4C6328A32CB70DD9005529B1 /* ReportContentView.swift */; };
		4C6328A62CB70DF4005529B1 /* TasksByStatusReport.swift in Sources */ = {isa = PBXBuildFile; fileRef = 4C6328A52CB70DF4005529B1 /* TasksByStatusReport.swift */; };
		4C6328A82CB70E08005529B1 /* TasksByUserReport.swift in Sources */ = {isa = PBXBuildFile; fileRef = 4C6328A72CB70E08005529B1 /* TasksByUserReport.swift */; };
		4C6328AA2CB70E17005529B1 /* TimeSpentPerTaskReport.swift in Sources */ = {isa = PBXBuildFile; fileRef = 4C6328A92CB70E17005529B1 /* TimeSpentPerTaskReport.swift */; };
		4C6328AC2CB71881005529B1 /* PersistenceController.swift in Sources */ = {isa = PBXBuildFile; fileRef = 4C6328AB2CB71881005529B1 /* PersistenceController.swift */; };
		4C6328AE2CB71B53005529B1 /* TimerManager.swift in Sources */ = {isa = PBXBuildFile; fileRef = 4C6328AD2CB71B53005529B1 /* TimerManager.swift */; };
		4C6328B02CB71F56005529B1 /* RegistrationView.swift in Sources */ = {isa = PBXBuildFile; fileRef = 4C6328AF2CB71F56005529B1 /* RegistrationView.swift */; };
		4C6328B22CB71FCD005529B1 /* PasswordResetView.swift in Sources */ = {isa = PBXBuildFile; fileRef = 4C6328B12CB71FCD005529B1 /* PasswordResetView.swift */; };
		4C6328B42CB722F8005529B1 /* SecurityManager.swift in Sources */ = {isa = PBXBuildFile; fileRef = 4C6328B32CB722F8005529B1 /* SecurityManager.swift */; };
		4C6328BD2CB72F32005529B1 /* TaskItem+CoreDataClass.swift in Sources */ = {isa = PBXBuildFile; fileRef = 4C6328BB2CB72F32005529B1 /* TaskItem+CoreDataClass.swift */; };
		4C6328BE2CB72F32005529B1 /* TaskItem+CoreDataProperties.swift in Sources */ = {isa = PBXBuildFile; fileRef = 4C6328BC2CB72F32005529B1 /* TaskItem+CoreDataProperties.swift */; };
		4C6328D22CB76CD7005529B1 /* Role+CoreDataClass.swift in Sources */ = {isa = PBXBuildFile; fileRef = 4C6328CF2CB76CD7005529B1 /* Role+CoreDataClass.swift */; };
		4C6328D32CB76CD7005529B1 /* Role+CoreDataProperties.swift in Sources */ = {isa = PBXBuildFile; fileRef = 4C6328D02CB76CD7005529B1 /* Role+CoreDataProperties.swift */; };
		4C6328D42CB76CD7005529B1 /* User+CoreDataProperties.swift in Sources */ = {isa = PBXBuildFile; fileRef = 4C6328D12CB76CD7005529B1 /* User+CoreDataProperties.swift */; };
		4C6328D52CB76CD7005529B1 /* Permission+CoreDataClass.swift in Sources */ = {isa = PBXBuildFile; fileRef = 4C6328CD2CB76CD7005529B1 /* Permission+CoreDataClass.swift */; };
		4C6328D62CB76CD7005529B1 /* Permission+CoreDataProperties.swift in Sources */ = {isa = PBXBuildFile; fileRef = 4C6328CE2CB76CD7005529B1 /* Permission+CoreDataProperties.swift */; };
		4C6328D82CB76F41005529B1 /* User+CoreDataClass.swift in Sources */ = {isa = PBXBuildFile; fileRef = 4C6328D72CB76F41005529B1 /* User+CoreDataClass.swift */; };
/* End PBXBuildFile section */

/* Begin PBXFileReference section */
		4C6328622CB6FF76005529B1 /* TaskMasterPro.app */ = {isa = PBXFileReference; explicitFileType = wrapper.application; includeInIndex = 0; path = TaskMasterPro.app; sourceTree = BUILT_PRODUCTS_DIR; };
		4C6328832CB702FE005529B1 /* MainView.swift */ = {isa = PBXFileReference; lastKnownFileType = sourcecode.swift; path = MainView.swift; sourceTree = "<group>"; };
		4C6328852CB7031C005529B1 /* SidebarView.swift */ = {isa = PBXFileReference; lastKnownFileType = sourcecode.swift; path = SidebarView.swift; sourceTree = "<group>"; };
		4C6328872CB7033B005529B1 /* TaskListView.swift */ = {isa = PBXFileReference; lastKnownFileType = sourcecode.swift; path = TaskListView.swift; sourceTree = "<group>"; };
		4C6328892CB70352005529B1 /* TaskDetailView.swift */ = {isa = PBXFileReference; lastKnownFileType = sourcecode.swift; path = TaskDetailView.swift; sourceTree = "<group>"; };
		4C63288B2CB70364005529B1 /* TaskEditorView.swift */ = {isa = PBXFileReference; lastKnownFileType = sourcecode.swift; path = TaskEditorView.swift; sourceTree = "<group>"; };
		4C63288D2CB70373005529B1 /* UserManagementView.swift */ = {isa = PBXFileReference; lastKnownFileType = sourcecode.swift; path = UserManagementView.swift; sourceTree = "<group>"; };
		4C63288F2CB70389005529B1 /* UserEditorView.swift */ = {isa = PBXFileReference; lastKnownFileType = sourcecode.swift; path = UserEditorView.swift; sourceTree = "<group>"; };
		4C6328912CB703D4005529B1 /* PermissionManager.swift */ = {isa = PBXFileReference; lastKnownFileType = sourcecode.swift; path = PermissionManager.swift; sourceTree = "<group>"; };
		4C6328932CB706B9005529B1 /* UserSession.swift */ = {isa = PBXFileReference; lastKnownFileType = sourcecode.swift; path = UserSession.swift; sourceTree = "<group>"; };
		4C6328952CB706D2005529B1 /* LoginView.swift */ = {isa = PBXFileReference; lastKnownFileType = sourcecode.swift; path = LoginView.swift; sourceTree = "<group>"; };
		4C6328972CB70826005529B1 /* TimeTrackingView.swift */ = {isa = PBXFileReference; lastKnownFileType = sourcecode.swift; path = TimeTrackingView.swift; sourceTree = "<group>"; };
		4C6328992CB708AF005529B1 /* RecurrenceManager.swift */ = {isa = PBXFileReference; lastKnownFileType = sourcecode.swift; path = RecurrenceManager.swift; sourceTree = "<group>"; };
		4C63289B2CB708FF005529B1 /* CustomField.swift */ = {isa = PBXFileReference; lastKnownFileType = sourcecode.swift; path = CustomField.swift; sourceTree = "<group>"; };
		4C63289D2CB709E6005529B1 /* Task+Extensions.swift */ = {isa = PBXFileReference; lastKnownFileType = sourcecode.swift; path = "Task+Extensions.swift"; sourceTree = "<group>"; };
		4C63289F2CB70A8D005529B1 /* CustomFieldEditorView.swift */ = {isa = PBXFileReference; lastKnownFileType = sourcecode.swift; path = CustomFieldEditorView.swift; sourceTree = "<group>"; };
		4C6328A12CB70DBD005529B1 /* ReportsView.swift */ = {isa = PBXFileReference; lastKnownFileType = sourcecode.swift; path = ReportsView.swift; sourceTree = "<group>"; };
		4C6328A32CB70DD9005529B1 /* ReportContentView.swift */ = {isa = PBXFileReference; lastKnownFileType = sourcecode.swift; path = ReportContentView.swift; sourceTree = "<group>"; };
		4C6328A52CB70DF4005529B1 /* TasksByStatusReport.swift */ = {isa = PBXFileReference; lastKnownFileType = sourcecode.swift; path = TasksByStatusReport.swift; sourceTree = "<group>"; };
		4C6328A72CB70E08005529B1 /* TasksByUserReport.swift */ = {isa = PBXFileReference; lastKnownFileType = sourcecode.swift; path = TasksByUserReport.swift; sourceTree = "<group>"; };
		4C6328A92CB70E17005529B1 /* TimeSpentPerTaskReport.swift */ = {isa = PBXFileReference; lastKnownFileType = sourcecode.swift; path = TimeSpentPerTaskReport.swift; sourceTree = "<group>"; };
		4C6328AB2CB71881005529B1 /* PersistenceController.swift */ = {isa = PBXFileReference; lastKnownFileType = sourcecode.swift; path = PersistenceController.swift; sourceTree = "<group>"; };
		4C6328AD2CB71B53005529B1 /* TimerManager.swift */ = {isa = PBXFileReference; lastKnownFileType = sourcecode.swift; path = TimerManager.swift; sourceTree = "<group>"; };
		4C6328AF2CB71F56005529B1 /* RegistrationView.swift */ = {isa = PBXFileReference; lastKnownFileType = sourcecode.swift; path = RegistrationView.swift; sourceTree = "<group>"; };
		4C6328B12CB71FCD005529B1 /* PasswordResetView.swift */ = {isa = PBXFileReference; lastKnownFileType = sourcecode.swift; path = PasswordResetView.swift; sourceTree = "<group>"; };
		4C6328B32CB722F8005529B1 /* SecurityManager.swift */ = {isa = PBXFileReference; lastKnownFileType = sourcecode.swift; path = SecurityManager.swift; sourceTree = "<group>"; };
		4C6328BB2CB72F32005529B1 /* TaskItem+CoreDataClass.swift */ = {isa = PBXFileReference; lastKnownFileType = sourcecode.swift; path = "TaskItem+CoreDataClass.swift"; sourceTree = "<group>"; };
		4C6328BC2CB72F32005529B1 /* TaskItem+CoreDataProperties.swift */ = {isa = PBXFileReference; lastKnownFileType = sourcecode.swift; path = "TaskItem+CoreDataProperties.swift"; sourceTree = "<group>"; };
		4C6328CD2CB76CD7005529B1 /* Permission+CoreDataClass.swift */ = {isa = PBXFileReference; lastKnownFileType = sourcecode.swift; path = "Permission+CoreDataClass.swift"; sourceTree = "<group>"; };
		4C6328CE2CB76CD7005529B1 /* Permission+CoreDataProperties.swift */ = {isa = PBXFileReference; lastKnownFileType = sourcecode.swift; path = "Permission+CoreDataProperties.swift"; sourceTree = "<group>"; };
		4C6328CF2CB76CD7005529B1 /* Role+CoreDataClass.swift */ = {isa = PBXFileReference; lastKnownFileType = sourcecode.swift; path = "Role+CoreDataClass.swift"; sourceTree = "<group>"; };
		4C6328D02CB76CD7005529B1 /* Role+CoreDataProperties.swift */ = {isa = PBXFileReference; lastKnownFileType = sourcecode.swift; path = "Role+CoreDataProperties.swift"; sourceTree = "<group>"; };
		4C6328D12CB76CD7005529B1 /* User+CoreDataProperties.swift */ = {isa = PBXFileReference; lastKnownFileType = sourcecode.swift; path = "User+CoreDataProperties.swift"; sourceTree = "<group>"; };
		4C6328D72CB76F41005529B1 /* User+CoreDataClass.swift */ = {isa = PBXFileReference; lastKnownFileType = sourcecode.swift; path = "User+CoreDataClass.swift"; sourceTree = "<group>"; };
/* End PBXFileReference section */

/* Begin PBXFileSystemSynchronizedBuildFileExceptionSet section */
		4C6328B72CB72D3F005529B1 /* Exceptions for "TaskMasterPro" folder in "TaskMasterPro" target */ = {
			isa = PBXFileSystemSynchronizedBuildFileExceptionSet;
			membershipExceptions = (
				TaskMasterProModel.xcdatamodeld,
			);
			target = 4C6328612CB6FF76005529B1 /* TaskMasterPro */;
		};
/* End PBXFileSystemSynchronizedBuildFileExceptionSet section */

/* Begin PBXFileSystemSynchronizedGroupBuildPhaseMembershipExceptionSet section */
		4C6328BA2CB72D5D005529B1 /* Exceptions for "TaskMasterPro" folder in "Copy Bundle Resources" phase from "TaskMasterPro" target */ = {
			isa = PBXFileSystemSynchronizedGroupBuildPhaseMembershipExceptionSet;
			buildPhase = 4C6328602CB6FF76005529B1 /* Resources */;
			membershipExceptions = (
				TaskMasterProModel.xcdatamodeld,
			);
		};
/* End PBXFileSystemSynchronizedGroupBuildPhaseMembershipExceptionSet section */

/* Begin PBXFileSystemSynchronizedRootGroup section */
		4C6328642CB6FF76005529B1 /* TaskMasterPro */ = {
			isa = PBXFileSystemSynchronizedRootGroup;
			exceptions = (
				4C6328B72CB72D3F005529B1 /* Exceptions for "TaskMasterPro" folder in "TaskMasterPro" target */,
				4C6328BA2CB72D5D005529B1 /* Exceptions for "TaskMasterPro" folder in "Copy Bundle Resources" phase from "TaskMasterPro" target */,
			);
			path = TaskMasterPro;
			sourceTree = "<group>";
		};
/* End PBXFileSystemSynchronizedRootGroup section */

/* Begin PBXFrameworksBuildPhase section */
		4C63285F2CB6FF76005529B1 /* Frameworks */ = {
			isa = PBXFrameworksBuildPhase;
			buildActionMask = 2147483647;
			files = (
			);
			runOnlyForDeploymentPostprocessing = 0;
		};
/* End PBXFrameworksBuildPhase section */

/* Begin PBXGroup section */
		4C6328592CB6FF76005529B1 = {
			isa = PBXGroup;
			children = (
				4C63287C2CB6FFB4005529B1 /* Resources */,
				4C63287B2CB6FFAF005529B1 /* Helpers */,
				4C63287A2CB6FFA7005529B1 /* Services */,
				4C6328772CB6FF97005529B1 /* Controllers */,
				4C6328762CB6FF91005529B1 /* ViewModels */,
				4C6328752CB6FF8B005529B1 /* Views */,
				4C6328742CB6FF87005529B1 /* Models */,
				4C6328642CB6FF76005529B1 /* TaskMasterPro */,
				4C6328632CB6FF76005529B1 /* Products */,
			);
			sourceTree = "<group>";
		};
		4C6328632CB6FF76005529B1 /* Products */ = {
			isa = PBXGroup;
			children = (
				4C6328622CB6FF76005529B1 /* TaskMasterPro.app */,
			);
			name = Products;
			sourceTree = "<group>";
		};
		4C6328742CB6FF87005529B1 /* Models */ = {
			isa = PBXGroup;
			children = (
				4C6328912CB703D4005529B1 /* PermissionManager.swift */,
				4C63289B2CB708FF005529B1 /* CustomField.swift */,
				4C63289D2CB709E6005529B1 /* Task+Extensions.swift */,
				4C6328D72CB76F41005529B1 /* User+CoreDataClass.swift */,
				4C6328CD2CB76CD7005529B1 /* Permission+CoreDataClass.swift */,
				4C6328CE2CB76CD7005529B1 /* Permission+CoreDataProperties.swift */,
				4C6328CF2CB76CD7005529B1 /* Role+CoreDataClass.swift */,
				4C6328D02CB76CD7005529B1 /* Role+CoreDataProperties.swift */,
				4C6328D12CB76CD7005529B1 /* User+CoreDataProperties.swift */,
				4C6328BB2CB72F32005529B1 /* TaskItem+CoreDataClass.swift */,
				4C6328BC2CB72F32005529B1 /* TaskItem+CoreDataProperties.swift */,
			);
			path = Models;
			sourceTree = "<group>";
		};
		4C6328752CB6FF8B005529B1 /* Views */ = {
			isa = PBXGroup;
			children = (
				4C6328832CB702FE005529B1 /* MainView.swift */,
				4C6328852CB7031C005529B1 /* SidebarView.swift */,
				4C6328872CB7033B005529B1 /* TaskListView.swift */,
				4C6328892CB70352005529B1 /* TaskDetailView.swift */,
				4C63288B2CB70364005529B1 /* TaskEditorView.swift */,
				4C63288D2CB70373005529B1 /* UserManagementView.swift */,
				4C63288F2CB70389005529B1 /* UserEditorView.swift */,
				4C6328952CB706D2005529B1 /* LoginView.swift */,
				4C6328972CB70826005529B1 /* TimeTrackingView.swift */,
				4C63289F2CB70A8D005529B1 /* CustomFieldEditorView.swift */,
				4C6328A12CB70DBD005529B1 /* ReportsView.swift */,
				4C6328A32CB70DD9005529B1 /* ReportContentView.swift */,
				4C6328A52CB70DF4005529B1 /* TasksByStatusReport.swift */,
				4C6328A72CB70E08005529B1 /* TasksByUserReport.swift */,
				4C6328A92CB70E17005529B1 /* TimeSpentPerTaskReport.swift */,
				4C6328AF2CB71F56005529B1 /* RegistrationView.swift */,
				4C6328B12CB71FCD005529B1 /* PasswordResetView.swift */,
			);
			path = Views;
			sourceTree = "<group>";
		};
		4C6328762CB6FF91005529B1 /* ViewModels */ = {
			isa = PBXGroup;
			children = (
				4C6328932CB706B9005529B1 /* UserSession.swift */,
			);
			path = ViewModels;
			sourceTree = "<group>";
		};
		4C6328772CB6FF97005529B1 /* Controllers */ = {
			isa = PBXGroup;
			children = (
			);
			path = Controllers;
			sourceTree = "<group>";
		};
		4C63287A2CB6FFA7005529B1 /* Services */ = {
			isa = PBXGroup;
			children = (
				4C6328992CB708AF005529B1 /* RecurrenceManager.swift */,
				4C6328AD2CB71B53005529B1 /* TimerManager.swift */,
			);
			path = Services;
			sourceTree = "<group>";
		};
		4C63287B2CB6FFAF005529B1 /* Helpers */ = {
			isa = PBXGroup;
			children = (
				4C6328AB2CB71881005529B1 /* PersistenceController.swift */,
				4C6328B32CB722F8005529B1 /* SecurityManager.swift */,
			);
			path = Helpers;
			sourceTree = "<group>";
		};
		4C63287C2CB6FFB4005529B1 /* Resources */ = {
			isa = PBXGroup;
			children = (
			);
			path = Resources;
			sourceTree = "<group>";
		};
/* End PBXGroup section */

/* Begin PBXNativeTarget section */
		4C6328612CB6FF76005529B1 /* TaskMasterPro */ = {
			isa = PBXNativeTarget;
			buildConfigurationList = 4C6328712CB6FF79005529B1 /* Build configuration list for PBXNativeTarget "TaskMasterPro" */;
			buildPhases = (
				4C63285E2CB6FF76005529B1 /* Sources */,
				4C63285F2CB6FF76005529B1 /* Frameworks */,
				4C6328602CB6FF76005529B1 /* Resources */,
			);
			buildRules = (
			);
			dependencies = (
			);
			fileSystemSynchronizedGroups = (
				4C6328642CB6FF76005529B1 /* TaskMasterPro */,
			);
			name = TaskMasterPro;
			packageProductDependencies = (
			);
			productName = TaskMasterPro;
			productReference = 4C6328622CB6FF76005529B1 /* TaskMasterPro.app */;
			productType = "com.apple.product-type.application";
		};
/* End PBXNativeTarget section */

/* Begin PBXProject section */
		4C63285A2CB6FF76005529B1 /* Project object */ = {
			isa = PBXProject;
			attributes = {
				BuildIndependentTargetsInParallel = 1;
				LastSwiftUpdateCheck = 1600;
				LastUpgradeCheck = 1600;
				TargetAttributes = {
					4C6328612CB6FF76005529B1 = {
						CreatedOnToolsVersion = 16.0;
					};
				};
			};
			buildConfigurationList = 4C63285D2CB6FF76005529B1 /* Build configuration list for PBXProject "TaskMasterPro" */;
			developmentRegion = en;
			hasScannedForEncodings = 0;
			knownRegions = (
				en,
				Base,
			);
			mainGroup = 4C6328592CB6FF76005529B1;
			minimizedProjectReferenceProxies = 1;
			preferredProjectObjectVersion = 77;
			productRefGroup = 4C6328632CB6FF76005529B1 /* Products */;
			projectDirPath = "";
			projectRoot = "";
			targets = (
				4C6328612CB6FF76005529B1 /* TaskMasterPro */,
			);
		};
/* End PBXProject section */

/* Begin PBXResourcesBuildPhase section */
		4C6328602CB6FF76005529B1 /* Resources */ = {
			isa = PBXResourcesBuildPhase;
			buildActionMask = 2147483647;
			files = (
			);
			runOnlyForDeploymentPostprocessing = 0;
		};
/* End PBXResourcesBuildPhase section */

/* Begin PBXSourcesBuildPhase section */
		4C63285E2CB6FF76005529B1 /* Sources */ = {
			isa = PBXSourcesBuildPhase;
			buildActionMask = 2147483647;
			files = (
				4C63288A2CB70352005529B1 /* TaskDetailView.swift in Sources */,
				4C6328A62CB70DF4005529B1 /* TasksByStatusReport.swift in Sources */,
				4C63288C2CB70364005529B1 /* TaskEditorView.swift in Sources */,
				4C6328A42CB70DD9005529B1 /* ReportContentView.swift in Sources */,
				4C63289C2CB708FF005529B1 /* CustomField.swift in Sources */,
				4C6328AE2CB71B53005529B1 /* TimerManager.swift in Sources */,
				4C6328982CB70826005529B1 /* TimeTrackingView.swift in Sources */,
				4C6328922CB703D4005529B1 /* PermissionManager.swift in Sources */,
				4C63288E2CB70373005529B1 /* UserManagementView.swift in Sources */,
				4C6328A22CB70DBD005529B1 /* ReportsView.swift in Sources */,
				4C6328A02CB70A8D005529B1 /* CustomFieldEditorView.swift in Sources */,
				4C6328882CB7033B005529B1 /* TaskListView.swift in Sources */,
				4C6328B02CB71F56005529B1 /* RegistrationView.swift in Sources */,
				4C63289E2CB709E6005529B1 /* Task+Extensions.swift in Sources */,
				4C6328962CB706D2005529B1 /* LoginView.swift in Sources */,
				4C6328BD2CB72F32005529B1 /* TaskItem+CoreDataClass.swift in Sources */,
				4C6328BE2CB72F32005529B1 /* TaskItem+CoreDataProperties.swift in Sources */,
				4C6328B42CB722F8005529B1 /* SecurityManager.swift in Sources */,
				4C6328902CB70389005529B1 /* UserEditorView.swift in Sources */,
				4C63289A2CB708AF005529B1 /* RecurrenceManager.swift in Sources */,
				4C6328A82CB70E08005529B1 /* TasksByUserReport.swift in Sources */,
				4C6328842CB702FE005529B1 /* MainView.swift in Sources */,
				4C6328D22CB76CD7005529B1 /* Role+CoreDataClass.swift in Sources */,
				4C6328D32CB76CD7005529B1 /* Role+CoreDataProperties.swift in Sources */,
				4C6328D42CB76CD7005529B1 /* User+CoreDataProperties.swift in Sources */,
				4C6328D52CB76CD7005529B1 /* Permission+CoreDataClass.swift in Sources */,
				4C6328D62CB76CD7005529B1 /* Permission+CoreDataProperties.swift in Sources */,
				4C6328942CB706B9005529B1 /* UserSession.swift in Sources */,
				4C6328AA2CB70E17005529B1 /* TimeSpentPerTaskReport.swift in Sources */,
				4C6328862CB7031C005529B1 /* SidebarView.swift in Sources */,
				4C6328AC2CB71881005529B1 /* PersistenceController.swift in Sources */,
				4C6328B22CB71FCD005529B1 /* PasswordResetView.swift in Sources */,
				4C6328D82CB76F41005529B1 /* User+CoreDataClass.swift in Sources */,
			);
			runOnlyForDeploymentPostprocessing = 0;
		};
/* End PBXSourcesBuildPhase section */

/* Begin XCBuildConfiguration section */
		4C63286F2CB6FF79005529B1 /* Debug */ = {
			isa = XCBuildConfiguration;
			buildSettings = {
				ALWAYS_SEARCH_USER_PATHS = NO;
				ASSETCATALOG_COMPILER_GENERATE_SWIFT_ASSET_SYMBOL_EXTENSIONS = YES;
				CLANG_ANALYZER_NONNULL = YES;
				CLANG_ANALYZER_NUMBER_OBJECT_CONVERSION = YES_AGGRESSIVE;
				CLANG_CXX_LANGUAGE_STANDARD = "gnu++20";
				CLANG_ENABLE_MODULES = YES;
				CLANG_ENABLE_OBJC_ARC = YES;
				CLANG_ENABLE_OBJC_WEAK = YES;
				CLANG_WARN_BLOCK_CAPTURE_AUTORELEASING = YES;
				CLANG_WARN_BOOL_CONVERSION = YES;
				CLANG_WARN_COMMA = YES;
				CLANG_WARN_CONSTANT_CONVERSION = YES;
				CLANG_WARN_DEPRECATED_OBJC_IMPLEMENTATIONS = YES;
				CLANG_WARN_DIRECT_OBJC_ISA_USAGE = YES_ERROR;
				CLANG_WARN_DOCUMENTATION_COMMENTS = YES;
				CLANG_WARN_EMPTY_BODY = YES;
				CLANG_WARN_ENUM_CONVERSION = YES;
				CLANG_WARN_INFINITE_RECURSION = YES;
				CLANG_WARN_INT_CONVERSION = YES;
				CLANG_WARN_NON_LITERAL_NULL_CONVERSION = YES;
				CLANG_WARN_OBJC_IMPLICIT_RETAIN_SELF = YES;
				CLANG_WARN_OBJC_LITERAL_CONVERSION = YES;
				CLANG_WARN_OBJC_ROOT_CLASS = YES_ERROR;
				CLANG_WARN_QUOTED_INCLUDE_IN_FRAMEWORK_HEADER = YES;
				CLANG_WARN_RANGE_LOOP_ANALYSIS = YES;
				CLANG_WARN_STRICT_PROTOTYPES = YES;
				CLANG_WARN_SUSPICIOUS_MOVE = YES;
				CLANG_WARN_UNGUARDED_AVAILABILITY = YES_AGGRESSIVE;
				CLANG_WARN_UNREACHABLE_CODE = YES;
				CLANG_WARN__DUPLICATE_METHOD_MATCH = YES;
				COPY_PHASE_STRIP = NO;
				DEBUG_INFORMATION_FORMAT = dwarf;
				ENABLE_STRICT_OBJC_MSGSEND = YES;
				ENABLE_TESTABILITY = YES;
				ENABLE_USER_SCRIPT_SANDBOXING = YES;
				GCC_C_LANGUAGE_STANDARD = gnu17;
				GCC_DYNAMIC_NO_PIC = NO;
				GCC_NO_COMMON_BLOCKS = YES;
				GCC_OPTIMIZATION_LEVEL = 0;
				GCC_PREPROCESSOR_DEFINITIONS = (
					"DEBUG=1",
					"$(inherited)",
				);
				GCC_WARN_64_TO_32_BIT_CONVERSION = YES;
				GCC_WARN_ABOUT_RETURN_TYPE = YES_ERROR;
				GCC_WARN_UNDECLARED_SELECTOR = YES;
				GCC_WARN_UNINITIALIZED_AUTOS = YES_AGGRESSIVE;
				GCC_WARN_UNUSED_FUNCTION = YES;
				GCC_WARN_UNUSED_VARIABLE = YES;
				LOCALIZATION_PREFERS_STRING_CATALOGS = YES;
				MACOSX_DEPLOYMENT_TARGET = 15.0;
				MTL_ENABLE_DEBUG_INFO = INCLUDE_SOURCE;
				MTL_FAST_MATH = YES;
				ONLY_ACTIVE_ARCH = YES;
				SDKROOT = macosx;
				SWIFT_ACTIVE_COMPILATION_CONDITIONS = "DEBUG $(inherited)";
				SWIFT_OPTIMIZATION_LEVEL = "-Onone";
			};
			name = Debug;
		};
		4C6328702CB6FF79005529B1 /* Release */ = {
			isa = XCBuildConfiguration;
			buildSettings = {
				ALWAYS_SEARCH_USER_PATHS = NO;
				ASSETCATALOG_COMPILER_GENERATE_SWIFT_ASSET_SYMBOL_EXTENSIONS = YES;
				CLANG_ANALYZER_NONNULL = YES;
				CLANG_ANALYZER_NUMBER_OBJECT_CONVERSION = YES_AGGRESSIVE;
				CLANG_CXX_LANGUAGE_STANDARD = "gnu++20";
				CLANG_ENABLE_MODULES = YES;
				CLANG_ENABLE_OBJC_ARC = YES;
				CLANG_ENABLE_OBJC_WEAK = YES;
				CLANG_WARN_BLOCK_CAPTURE_AUTORELEASING = YES;
				CLANG_WARN_BOOL_CONVERSION = YES;
				CLANG_WARN_COMMA = YES;
				CLANG_WARN_CONSTANT_CONVERSION = YES;
				CLANG_WARN_DEPRECATED_OBJC_IMPLEMENTATIONS = YES;
				CLANG_WARN_DIRECT_OBJC_ISA_USAGE = YES_ERROR;
				CLANG_WARN_DOCUMENTATION_COMMENTS = YES;
				CLANG_WARN_EMPTY_BODY = YES;
				CLANG_WARN_ENUM_CONVERSION = YES;
				CLANG_WARN_INFINITE_RECURSION = YES;
				CLANG_WARN_INT_CONVERSION = YES;
				CLANG_WARN_NON_LITERAL_NULL_CONVERSION = YES;
				CLANG_WARN_OBJC_IMPLICIT_RETAIN_SELF = YES;
				CLANG_WARN_OBJC_LITERAL_CONVERSION = YES;
				CLANG_WARN_OBJC_ROOT_CLASS = YES_ERROR;
				CLANG_WARN_QUOTED_INCLUDE_IN_FRAMEWORK_HEADER = YES;
				CLANG_WARN_RANGE_LOOP_ANALYSIS = YES;
				CLANG_WARN_STRICT_PROTOTYPES = YES;
				CLANG_WARN_SUSPICIOUS_MOVE = YES;
				CLANG_WARN_UNGUARDED_AVAILABILITY = YES_AGGRESSIVE;
				CLANG_WARN_UNREACHABLE_CODE = YES;
				CLANG_WARN__DUPLICATE_METHOD_MATCH = YES;
				COPY_PHASE_STRIP = NO;
				DEBUG_INFORMATION_FORMAT = "dwarf-with-dsym";
				ENABLE_NS_ASSERTIONS = NO;
				ENABLE_STRICT_OBJC_MSGSEND = YES;
				ENABLE_USER_SCRIPT_SANDBOXING = YES;
				GCC_C_LANGUAGE_STANDARD = gnu17;
				GCC_NO_COMMON_BLOCKS = YES;
				GCC_WARN_64_TO_32_BIT_CONVERSION = YES;
				GCC_WARN_ABOUT_RETURN_TYPE = YES_ERROR;
				GCC_WARN_UNDECLARED_SELECTOR = YES;
				GCC_WARN_UNINITIALIZED_AUTOS = YES_AGGRESSIVE;
				GCC_WARN_UNUSED_FUNCTION = YES;
				GCC_WARN_UNUSED_VARIABLE = YES;
				LOCALIZATION_PREFERS_STRING_CATALOGS = YES;
				MACOSX_DEPLOYMENT_TARGET = 15.0;
				MTL_ENABLE_DEBUG_INFO = NO;
				MTL_FAST_MATH = YES;
				SDKROOT = macosx;
				SWIFT_COMPILATION_MODE = wholemodule;
			};
			name = Release;
		};
		4C6328722CB6FF79005529B1 /* Debug */ = {
			isa = XCBuildConfiguration;
			buildSettings = {
				ASSETCATALOG_COMPILER_APPICON_NAME = AppIcon;
				ASSETCATALOG_COMPILER_GLOBAL_ACCENT_COLOR_NAME = AccentColor;
				CODE_SIGN_ENTITLEMENTS = TaskMasterPro/TaskMasterPro.entitlements;
				CODE_SIGN_STYLE = Automatic;
				COMBINE_HIDPI_IMAGES = YES;
				CURRENT_PROJECT_VERSION = 1;
				DEVELOPMENT_ASSET_PATHS = "\"TaskMasterPro/Preview Content\"";
				DEVELOPMENT_TEAM = 9CY56JK34V;
				ENABLE_HARDENED_RUNTIME = YES;
				ENABLE_PREVIEWS = YES;
				GENERATE_INFOPLIST_FILE = YES;
				INFOPLIST_KEY_NSHumanReadableCopyright = "";
				LD_RUNPATH_SEARCH_PATHS = (
					"$(inherited)",
					"@executable_path/../Frameworks",
				);
				MARKETING_VERSION = 1.0;
				PRODUCT_BUNDLE_IDENTIFIER = TaskManaged.TaskMasterPro;
				PRODUCT_NAME = "$(TARGET_NAME)";
				SWIFT_EMIT_LOC_STRINGS = YES;
				SWIFT_VERSION = 5.0;
			};
			name = Debug;
		};
		4C6328732CB6FF79005529B1 /* Release */ = {
			isa = XCBuildConfiguration;
			buildSettings = {
				ASSETCATALOG_COMPILER_APPICON_NAME = AppIcon;
				ASSETCATALOG_COMPILER_GLOBAL_ACCENT_COLOR_NAME = AccentColor;
				CODE_SIGN_ENTITLEMENTS = TaskMasterPro/TaskMasterPro.entitlements;
				CODE_SIGN_STYLE = Automatic;
				COMBINE_HIDPI_IMAGES = YES;
				CURRENT_PROJECT_VERSION = 1;
				DEVELOPMENT_ASSET_PATHS = "\"TaskMasterPro/Preview Content\"";
				DEVELOPMENT_TEAM = 9CY56JK34V;
				ENABLE_HARDENED_RUNTIME = YES;
				ENABLE_PREVIEWS = YES;
				GENERATE_INFOPLIST_FILE = YES;
				INFOPLIST_KEY_NSHumanReadableCopyright = "";
				LD_RUNPATH_SEARCH_PATHS = (
					"$(inherited)",
					"@executable_path/../Frameworks",
				);
				MARKETING_VERSION = 1.0;
				PRODUCT_BUNDLE_IDENTIFIER = TaskManaged.TaskMasterPro;
				PRODUCT_NAME = "$(TARGET_NAME)";
				SWIFT_EMIT_LOC_STRINGS = YES;
				SWIFT_VERSION = 5.0;
			};
			name = Release;
		};
/* End XCBuildConfiguration section */

/* Begin XCConfigurationList section */
		4C63285D2CB6FF76005529B1 /* Build configuration list for PBXProject "TaskMasterPro" */ = {
			isa = XCConfigurationList;
			buildConfigurations = (
				4C63286F2CB6FF79005529B1 /* Debug */,
				4C6328702CB6FF79005529B1 /* Release */,
			);
			defaultConfigurationIsVisible = 0;
			defaultConfigurationName = Release;
		};
		4C6328712CB6FF79005529B1 /* Build configuration list for PBXNativeTarget "TaskMasterPro" */ = {
			isa = XCConfigurationList;
			buildConfigurations = (
				4C6328722CB6FF79005529B1 /* Debug */,
				4C6328732CB6FF79005529B1 /* Release */,
			);
			defaultConfigurationIsVisible = 0;
			defaultConfigurationName = Release;
		};
/* End XCConfigurationList section */
	};
	rootObject = 4C63285A2CB6FF76005529B1 /* Project object */;
}
